
Microsoft Visual Studio Solution File, Format Version 12.00
# Visual Studio Version 17
VisualStudioVersion = 17.9.34728.123
MinimumVisualStudioVersion = 10.0.40219.1
Project("{9A19103F-16F7-4668-BE54-9A1E7A4F7556}") = "hook", "hook\hook.csproj", "{1C9693B6-BDF5-4762-883A-6CB94F4566AA}"
EndProject
Project("{9A19103F-16F7-4668-BE54-9A1E7A4F7556}") = "service", "service\service.csproj", "{06C77730-5347-4B5C-A119-A53A3C4EE88B}"
EndProject
Global
	GlobalSection(SolutionConfigurationPlatforms) = preSolution
		Debug|Any CPU = Debug|Any CPU
		Release|Any CPU = Release|Any CPU
	EndGlobalSection
	GlobalSection(ProjectConfigurationPlatforms) = postSolution
		{1C9693B6-BDF5-4762-883A-6CB94F4566AA}.Debug|Any CPU.ActiveCfg = Debug|Any CPU
		{1C9693B6-BDF5-4762-883A-6CB94F4566AA}.Debug|Any CPU.Build.0 = Debug|Any CPU
		{1C9693B6-BDF5-4762-883A-6CB94F4566AA}.Release|Any CPU.ActiveCfg = Release|Any CPU
		{1C9693B6-BDF5-4762-883A-6CB94F4566AA}.Release|Any CPU.Build.0 = Release|Any CPU
		{06C77730-5347-4B5C-A119-A53A3C4EE88B}.Debug|Any CPU.ActiveCfg = Debug|Any CPU
		{06C77730-5347-4B5C-A119-A53A3C4EE88B}.Debug|Any CPU.Build.0 = Debug|Any CPU
		{06C77730-5347-4B5C-A119-A53A3C4EE88B}.Release|Any CPU.ActiveCfg = Release|Any CPU
		{06C77730-5347-4B5C-A119-A53A3C4EE88B}.Release|Any CPU.Build.0 = Release|Any CPU
	EndGlobalSection
	GlobalSection(SolutionProperties) = preSolution
		HideSolutionNode = FALSE
	EndGlobalSection
	GlobalSection(ExtensibilityGlobals) = postSolution
		SolutionGuid = {068A3F84-024F-4AAA-A378-7DFF6DED5AC3}
	EndGlobalSection
EndGlobal
